Microsoft Visual Studio Solution File, Format Version 12.00
# Visual Studio Version 17
VisualStudioVersion = 17.5.2.0
MinimumVisualStudioVersion = 10.0.40219.1
Project("{FAE04EC0-301F-11D3-BF4B-00C04F79EFBC}") = "EsercizioGruppo", "EsercizioGruppo\EsercizioGruppo.csproj", "{964DC252-8FC1-A944-0472-F8925BB456C3}"
EndProject
Global
	GlobalSection(SolutionConfigurationPlatforms) = preSolution
		Debug|Any CPU = Debug|Any CPU
		Release|Any CPU = Release|Any CPU
	EndGlobalSection
	GlobalSection(ProjectConfigurationPlatforms) = postSolution
		{964DC252-8FC1-A944-0472-F8925BB456C3}.Debug|Any CPU.ActiveCfg = Debug|Any CPU
		{964DC252-8FC1-A944-0472-F8925BB456C3}.Debug|Any CPU.Build.0 = Debug|Any CPU
		{964DC252-8FC1-A944-0472-F8925BB456C3}.Release|Any CPU.ActiveCfg = Release|Any CPU
		{964DC252-8FC1-A944-0472-F8925BB456C3}.Release|Any CPU.Build.0 = Release|Any CPU
	EndGlobalSection
	GlobalSection(SolutionProperties) = preSolution
		HideSolutionNode = FALSE
	EndGlobalSection
	GlobalSection(ExtensibilityGlobals) = postSolution
		SolutionGuid = {B597D79B-4063-4F07-8D73-B25F434A00E1}
	EndGlobalSection
EndGlobal
